
Microsoft Visual Studio Solution File, Format Version 12.00
# Visual Studio Version 16
VisualStudioVersion = 16.0.30413.136
MinimumVisualStudioVersion = 10.0.40219.1
Project("{FAE04EC0-301F-11D3-BF4B-00C04F79EFBC}") = "Parsing", "Parsing.csproj", "{808DDDA4-7C66-4B65-BCE7-0E0BF6C9AF33}"
EndProject
Global
	GlobalSection(SolutionConfigurationPlatforms) = preSolution
		Debug|Any CPU = Debug|Any CPU
		Release|Any CPU = Release|Any CPU
	EndGlobalSection
	GlobalSection(ProjectConfigurationPlatforms) = postSolution
		{808DDDA4-7C66-4B65-BCE7-0E0BF6C9AF33}.Debug|Any CPU.ActiveCfg = Debug|Any CPU
		{808DDDA4-7C66-4B65-BCE7-0E0BF6C9AF33}.Debug|Any CPU.Build.0 = Debug|Any CPU
		{808DDDA4-7C66-4B65-BCE7-0E0BF6C9AF33}.Release|Any CPU.ActiveCfg = Release|Any CPU
		{808DDDA4-7C66-4B65-BCE7-0E0BF6C9AF33}.Release|Any CPU.Build.0 = Release|Any CPU
	EndGlobalSection
	GlobalSection(SolutionProperties) = preSolution
		HideSolutionNode = FALSE
	EndGlobalSection
	GlobalSection(ExtensibilityGlobals) = postSolution
		SolutionGuid = {5324FAE0-D5E4-4772-B8AA-B60FFB4A4CE2}
	EndGlobalSection
EndGlobal
